
Microsoft Visual Studio Solution File, Format Version 12.00
# Visual Studio Version 17
VisualStudioVersion = 17.5.33502.453
MinimumVisualStudioVersion = 10.0.40219.1
Project("{00D1A9C2-B5F0-4AF3-8072-F6C62B433612}") = "Docmanage", "Docmanage.sqlproj", "{939607A5-C4C6-47C3-B57F-CB962186529B}"
EndProject
Project("{C9674DCB-5085-4A16-B785-4C70DD1589BD}") = "CargaDocmanage", "..\CargaDocmanage\CargaDocmanage.dtproj", "{5709B4EF-5D2F-4E21-98A1-36405DDA2B4B}"
EndProject
Project("{D2ABAB84-BF74-430A-B69E-9DC6D40DDA17}") = "OLAPDocmanage", "..\OLAPDocmanage\OLAPDocmanage.dwproj", "{BA1E700D-D4B9-4A5D-909E-9A8BA94D09F3}"
EndProject
Global
	GlobalSection(SolutionConfigurationPlatforms) = preSolution
		Debug|Any CPU = Debug|Any CPU
		Development|Any CPU = Development|Any CPU
		Release|Any CPU = Release|Any CPU
	EndGlobalSection
	GlobalSection(ProjectConfigurationPlatforms) = postSolution
		{939607A5-C4C6-47C3-B57F-CB962186529B}.Debug|Any CPU.ActiveCfg = Debug|Any CPU
		{939607A5-C4C6-47C3-B57F-CB962186529B}.Debug|Any CPU.Build.0 = Debug|Any CPU
		{939607A5-C4C6-47C3-B57F-CB962186529B}.Debug|Any CPU.Deploy.0 = Debug|Any CPU
		{939607A5-C4C6-47C3-B57F-CB962186529B}.Development|Any CPU.ActiveCfg = Debug|Any CPU
		{939607A5-C4C6-47C3-B57F-CB962186529B}.Development|Any CPU.Build.0 = Debug|Any CPU
		{939607A5-C4C6-47C3-B57F-CB962186529B}.Development|Any CPU.Deploy.0 = Debug|Any CPU
		{939607A5-C4C6-47C3-B57F-CB962186529B}.Release|Any CPU.ActiveCfg = Release|Any CPU
		{939607A5-C4C6-47C3-B57F-CB962186529B}.Release|Any CPU.Build.0 = Release|Any CPU
		{939607A5-C4C6-47C3-B57F-CB962186529B}.Release|Any CPU.Deploy.0 = Release|Any CPU
		{5709B4EF-5D2F-4E21-98A1-36405DDA2B4B}.Debug|Any CPU.ActiveCfg = Development
		{5709B4EF-5D2F-4E21-98A1-36405DDA2B4B}.Debug|Any CPU.Build.0 = Development
		{5709B4EF-5D2F-4E21-98A1-36405DDA2B4B}.Development|Any CPU.ActiveCfg = Development
		{5709B4EF-5D2F-4E21-98A1-36405DDA2B4B}.Development|Any CPU.Build.0 = Development
		{5709B4EF-5D2F-4E21-98A1-36405DDA2B4B}.Release|Any CPU.ActiveCfg = Development
		{5709B4EF-5D2F-4E21-98A1-36405DDA2B4B}.Release|Any CPU.Build.0 = Development
		{BA1E700D-D4B9-4A5D-909E-9A8BA94D09F3}.Debug|Any CPU.ActiveCfg = Development
		{BA1E700D-D4B9-4A5D-909E-9A8BA94D09F3}.Debug|Any CPU.Build.0 = Development
		{BA1E700D-D4B9-4A5D-909E-9A8BA94D09F3}.Debug|Any CPU.Deploy.0 = Development
		{BA1E700D-D4B9-4A5D-909E-9A8BA94D09F3}.Development|Any CPU.ActiveCfg = Development
		{BA1E700D-D4B9-4A5D-909E-9A8BA94D09F3}.Development|Any CPU.Build.0 = Development
		{BA1E700D-D4B9-4A5D-909E-9A8BA94D09F3}.Development|Any CPU.Deploy.0 = Development
		{BA1E700D-D4B9-4A5D-909E-9A8BA94D09F3}.Release|Any CPU.ActiveCfg = Development
		{BA1E700D-D4B9-4A5D-909E-9A8BA94D09F3}.Release|Any CPU.Build.0 = Development
		{BA1E700D-D4B9-4A5D-909E-9A8BA94D09F3}.Release|Any CPU.Deploy.0 = Development
	EndGlobalSection
	GlobalSection(SolutionProperties) = preSolution
		HideSolutionNode = FALSE
	EndGlobalSection
	GlobalSection(ExtensibilityGlobals) = postSolution
		SolutionGuid = {B1A0B9E7-CC9A-4634-B87C-0E4F871C9AE1}
	EndGlobalSection
EndGlobal
